PODS:
  - Flutter (1.0.0)
  - JNKeychain (0.1.4)
  - mobile_device_identifier (0.0.1):
    - Flutter
    - JNKeychain

DEPENDENCIES:
  - Flutter (from `Flutter`)
  - mobile_device_identifier (from `.symlinks/plugins/mobile_device_identifier/ios`)

SPEC REPOS:
  trunk:
    - JNKeychain

EXTERNAL SOURCES:
  Flutter:
    :path: Flutter
  mobile_device_identifier:
    :path: ".symlinks/plugins/mobile_device_identifier/ios"

SPEC CHECKSUMS:
  Flutter: e0871f40cf51350855a761d2e70bf5af5b9b5de7
  JNKeychain: fb6cc9ec95959ba46cd95d0ee6f7a05e41da9f42
  mobile_device_identifier: 34f80c8985bb1506880c2ae10cb24cfb9918f1a7

PODFILE CHECKSUM: 819463e6a0290f5a72f145ba7cde16e8b6ef0796

COCOAPODS: 1.15.2
